// !$*UTF8*$!
{
	archiveVersion = 1;
	classes = {
	};
	objectVersion = 50;
	objects = {

/* Begin PBXBuildFile section */
		216D2A51263CA78D007FBB1D /* AppDelegate.swift in Sources */ = {isa = PBXBuildFile; fileRef = 216D2A50263CA78D007FBB1D /* AppDelegate.swift */; };
		216D2A53263CA78D007FBB1D /* SceneDelegate.swift in Sources */ = {isa = PBXBuildFile; fileRef = 216D2A52263CA78D007FBB1D /* SceneDelegate.swift */; };
		216D2A55263CA78D007FBB1D /* ViewController.swift in Sources */ = {isa = PBXBuildFile; fileRef = 216D2A54263CA78D007FBB1D /* ViewController.swift */; };
		216D2A58263CA78D007FBB1D /* Main.storyboard in Resources */ = {isa = PBXBuildFile; fileRef = 216D2A56263CA78D007FBB1D /* Main.storyboard */; };
		216D2A5A263CA78E007FBB1D /* Assets.xcassets in Resources */ = {isa = PBXBuildFile; fileRef = 216D2A59263CA78E007FBB1D /* Assets.xcassets */; };
		216D2A5D263CA78E007FBB1D /* LaunchScreen.storyboard in Resources */ = {isa = PBXBuildFile; fileRef = 216D2A5B263CA78E007FBB1D /* LaunchScreen.storyboard */; };
		216D2A66263CA794007FBB1D /* ViewController.swift in Sources */ = {isa = PBXBuildFile; fileRef = 216D2A54263CA78D007FBB1D /* ViewController.swift */; };
		216D2A67263CA794007FBB1D /* AppDelegate.swift in Sources */ = {isa = PBXBuildFile; fileRef = 216D2A50263CA78D007FBB1D /* AppDelegate.swift */; };
		216D2A68263CA794007FBB1D /* SceneDelegate.swift in Sources */ = {isa = PBXBuildFile; fileRef = 216D2A52263CA78D007FBB1D /* SceneDelegate.swift */; };
		216D2A6B263CA794007FBB1D /* LaunchScreen.storyboard in Resources */ = {isa = PBXBuildFile; fileRef = 216D2A5B263CA78E007FBB1D /* LaunchScreen.storyboard */; };
		216D2A6C263CA794007FBB1D /* Assets.xcassets in Resources */ = {isa = PBXBuildFile; fileRef = 216D2A59263CA78E007FBB1D /* Assets.xcassets */; };
		216D2A6D263CA794007FBB1D /* Main.storyboard in Resources */ = {isa = PBXBuildFile; fileRef = 216D2A56263CA78D007FBB1D /* Main.storyboard */; };
/* End PBXBuildFile section */

/* Begin PBXFileReference section */
		216D2A4D263CA78D007FBB1D /* MultiTargetApp.app */ = {isa = PBXFileReference; explicitFileType = wrapper.application; includeInIndex = 0; path = MultiTargetApp.app; sourceTree = BUILT_PRODUCTS_DIR; };
		216D2A50263CA78D007FBB1D /* AppDelegate.swift */ = {isa = PBXFileReference; lastKnownFileType = sourcecode.swift; path = AppDelegate.swift; sourceTree = "<group>"; };
		216D2A52263CA78D007FBB1D /* SceneDelegate.swift */ = {isa = PBXFileReference; lastKnownFileType = sourcecode.swift; path = SceneDelegate.swift; sourceTree = "<group>"; };
		216D2A54263CA78D007FBB1D /* ViewController.swift */ = {isa = PBXFileReference; lastKnownFileType = sourcecode.swift; path = ViewController.swift; sourceTree = "<group>"; };
		216D2A57263CA78D007FBB1D /* Base */ = {isa = PBXFileReference; lastKnownFileType = file.storyboard; name = Base; path = Base.lproj/Main.storyboard; sourceTree = "<group>"; };
		216D2A59263CA78E007FBB1D /* Assets.xcassets */ = {isa = PBXFileReference; lastKnownFileType = folder.assetcatalog; path = Assets.xcassets; sourceTree = "<group>"; };
		216D2A5C263CA78E007FBB1D /* Base */ = {isa = PBXFileReference; lastKnownFileType = file.storyboard; name = Base; path = Base.lproj/LaunchScreen.storyboard; sourceTree = "<group>"; };
		216D2A5E263CA78E007FBB1D /* Info.plist */ = {isa = PBXFileReference; lastKnownFileType = text.plist.xml; path = Info.plist; sourceTree = "<group>"; };
		216D2A71263CA794007FBB1D /* MultiTargetApp-free.app */ = {isa = PBXFileReference; explicitFileType = wrapper.application; includeInIndex = 0; path = "MultiTargetApp-free.app"; sourceTree = BUILT_PRODUCTS_DIR; };
		216D2A72263CA794007FBB1D /* MultiTargetApp copy-Info.plist */ = {isa = PBXFileReference; lastKnownFileType = text.plist.xml; name = "MultiTargetApp copy-Info.plist"; path = "/Users/aveldanov/AntonVeldanov/April2020/Swift/TurboIntApps/MultiTargetApp/MultiTargetApp copy-Info.plist"; sourceTree = "<absolute>"; };
/* End PBXFileReference section */

/* Begin PBXFrameworksBuildPhase section */
		216D2A4A263CA78D007FBB1D /* Frameworks */ = {
			isa = PBXFrameworksBuildPhase;
			buildActionMask = 2147483647;
			files = (
			);
			runOnlyForDeploymentPostprocessing = 0;
		};
		216D2A69263CA794007FBB1D /* Frameworks */ = {
			isa = PBXFrameworksBuildPhase;
			buildActionMask = 2147483647;
			files = (
			);
			runOnlyForDeploymentPostprocessing = 0;
		};
/* End PBXFrameworksBuildPhase section */

/* Begin PBXGroup section */
		216D2A44263CA78D007FBB1D = {
			isa = PBXGroup;
			children = (
				216D2A4F263CA78D007FBB1D /* MultiTargetApp */,
				216D2A4E263CA78D007FBB1D /* Products */,
				216D2A72263CA794007FBB1D /* MultiTargetApp copy-Info.plist */,
			);
			sourceTree = "<group>";
		};
		216D2A4E263CA78D007FBB1D /* Products */ = {
			isa = PBXGroup;
			children = (
				216D2A4D263CA78D007FBB1D /* MultiTargetApp.app */,
				216D2A71263CA794007FBB1D /* MultiTargetApp-free.app */,
			);
			name = Products;
			sourceTree = "<group>";
		};
		216D2A4F263CA78D007FBB1D /* MultiTargetApp */ = {
			isa = PBXGroup;
			children = (
				216D2A50263CA78D007FBB1D /* AppDelegate.swift */,
				216D2A52263CA78D007FBB1D /* SceneDelegate.swift */,
				216D2A54263CA78D007FBB1D /* ViewController.swift */,
				216D2A56263CA78D007FBB1D /* Main.storyboard */,
				216D2A59263CA78E007FBB1D /* Assets.xcassets */,
				216D2A5B263CA78E007FBB1D /* LaunchScreen.storyboard */,
				216D2A5E263CA78E007FBB1D /* Info.plist */,
			);
			path = MultiTargetApp;
			sourceTree = "<group>";
		};
/* End PBXGroup section */

/* Begin PBXNativeTarget section */
		216D2A4C263CA78D007FBB1D /* MultiTargetApp */ = {
			isa = PBXNativeTarget;
			buildConfigurationList = 216D2A61263CA78E007FBB1D /* Build configuration list for PBXNativeTarget "MultiTargetApp" */;
			buildPhases = (
				216D2A49263CA78D007FBB1D /* Sources */,
				216D2A4A263CA78D007FBB1D /* Frameworks */,
				216D2A4B263CA78D007FBB1D /* Resources */,
			);
			buildRules = (
			);
			dependencies = (
			);
			name = MultiTargetApp;
			productName = MultiTargetApp;
			productReference = 216D2A4D263CA78D007FBB1D /* MultiTargetApp.app */;
			productType = "com.apple.product-type.application";
		};
		216D2A64263CA794007FBB1D /* MultiTargetApp-free */ = {
			isa = PBXNativeTarget;
			buildConfigurationList = 216D2A6E263CA794007FBB1D /* Build configuration list for PBXNativeTarget "MultiTargetApp-free" */;
			buildPhases = (
				216D2A65263CA794007FBB1D /* Sources */,
				216D2A69263CA794007FBB1D /* Frameworks */,
				216D2A6A263CA794007FBB1D /* Resources */,
			);
			buildRules = (
			);
			dependencies = (
			);
			name = "MultiTargetApp-free";
			productName = MultiTargetApp;
			productReference = 216D2A71263CA794007FBB1D /* MultiTargetApp-free.app */;
			productType = "com.apple.product-type.application";
		};
/* End PBXNativeTarget section */

/* Begin PBXProject section */
		216D2A45263CA78D007FBB1D /* Project object */ = {
			isa = PBXProject;
			attributes = {
				LastSwiftUpdateCheck = 1250;
				LastUpgradeCheck = 1250;
				TargetAttributes = {
					216D2A4C263CA78D007FBB1D = {
						CreatedOnToolsVersion = 12.5;
					};
				};
			};
			buildConfigurationList = 216D2A48263CA78D007FBB1D /* Build configuration list for PBXProject "MultiTargetApp" */;
			compatibilityVersion = "Xcode 9.3";
			developmentRegion = en;
			hasScannedForEncodings = 0;
			knownRegions = (
				en,
				Base,
			);
			mainGroup = 216D2A44263CA78D007FBB1D;
			productRefGroup = 216D2A4E263CA78D007FBB1D /* Products */;
			projectDirPath = "";
			projectRoot = "";
			targets = (
				216D2A4C263CA78D007FBB1D /* MultiTargetApp */,
				216D2A64263CA794007FBB1D /* MultiTargetApp-free */,
			);
		};
/* End PBXProject section */

/* Begin PBXResourcesBuildPhase section */
		216D2A4B263CA78D007FBB1D /* Resources */ = {
			isa = PBXResourcesBuildPhase;
			buildActionMask = 2147483647;
			files = (
				216D2A5D263CA78E007FBB1D /* LaunchScreen.storyboard in Resources */,
				216D2A5A263CA78E007FBB1D /* Assets.xcassets in Resources */,
				216D2A58263CA78D007FBB1D /* Main.storyboard in Resources */,
			);
			runOnlyForDeploymentPostprocessing = 0;
		};
		216D2A6A263CA794007FBB1D /* Resources */ = {
			isa = PBXResourcesBuildPhase;
			buildActionMask = 2147483647;
			files = (
				216D2A6B263CA794007FBB1D /* LaunchScreen.storyboard in Resources */,
				216D2A6C263CA794007FBB1D /* Assets.xcassets in Resources */,
				216D2A6D263CA794007FBB1D /* Main.storyboard in Resources */,
			);
			runOnlyForDeploymentPostprocessing = 0;
		};
/* End PBXResourcesBuildPhase section */

/* Begin PBXSourcesBuildPhase section */
		216D2A49263CA78D007FBB1D /* Sources */ = {
			isa = PBXSourcesBuildPhase;
			buildActionMask = 2147483647;
			files = (
				216D2A55263CA78D007FBB1D /* ViewController.swift in Sources */,
				216D2A51263CA78D007FBB1D /* AppDelegate.swift in Sources */,
				216D2A53263CA78D007FBB1D /* SceneDelegate.swift in Sources */,
			);
			runOnlyForDeploymentPostprocessing = 0;
		};
		216D2A65263CA794007FBB1D /* Sources */ = {
			isa = PBXSourcesBuildPhase;
			buildActionMask = 2147483647;
			files = (
				216D2A66263CA794007FBB1D /* ViewController.swift in Sources */,
				216D2A67263CA794007FBB1D /* AppDelegate.swift in Sources */,
				216D2A68263CA794007FBB1D /* SceneDelegate.swift in Sources */,
			);
			runOnlyForDeploymentPostprocessing = 0;
		};
/* End PBXSourcesBuildPhase section */

/* Begin PBXVariantGroup section */
		216D2A56263CA78D007FBB1D /* Main.storyboard */ = {
			isa = PBXVariantGroup;
			children = (
				216D2A57263CA78D007FBB1D /* Base */,
			);
			name = Main.storyboard;
			sourceTree = "<group>";
		};
		216D2A5B263CA78E007FBB1D /* LaunchScreen.storyboard */ = {
			isa = PBXVariantGroup;
			children = (
				216D2A5C263CA78E007FBB1D /* Base */,
			);
			name = LaunchScreen.storyboard;
			sourceTree = "<group>";
		};
/* End PBXVariantGroup section */

/* Begin XCBuildConfiguration section */
		216D2A5F263CA78E007FBB1D /* Debug */ = {
			isa = XCBuildConfiguration;
			buildSettings = {
				ALWAYS_SEARCH_USER_PATHS = NO;
				CLANG_ANALYZER_NONNULL = YES;
				CLANG_ANALYZER_NUMBER_OBJECT_CONVERSION = YES_AGGRESSIVE;
				CLANG_CXX_LANGUAGE_STANDARD = "gnu++14";
				CLANG_CXX_LIBRARY = "libc++";
				CLANG_ENABLE_MODULES = YES;
				CLANG_ENABLE_OBJC_ARC = YES;
				CLANG_ENABLE_OBJC_WEAK = YES;
				CLANG_WARN_BLOCK_CAPTURE_AUTORELEASING = YES;
				CLANG_WARN_BOOL_CONVERSION = YES;
				CLANG_WARN_COMMA = YES;
				CLANG_WARN_CONSTANT_CONVERSION = YES;
				CLANG_WARN_DEPRECATED_OBJC_IMPLEMENTATIONS = YES;
				CLANG_WARN_DIRECT_OBJC_ISA_USAGE = YES_ERROR;
				CLANG_WARN_DOCUMENTATION_COMMENTS = YES;
				CLANG_WARN_EMPTY_BODY = YES;
				CLANG_WARN_ENUM_CONVERSION = YES;
				CLANG_WARN_INFINITE_RECURSION = YES;
				CLANG_WARN_INT_CONVERSION = YES;
				CLANG_WARN_NON_LITERAL_NULL_CONVERSION = YES;
				CLANG_WARN_OBJC_IMPLICIT_RETAIN_SELF = YES;
				CLANG_WARN_OBJC_LITERAL_CONVERSION = YES;
				CLANG_WARN_OBJC_ROOT_CLASS = YES_ERROR;
				CLANG_WARN_QUOTED_INCLUDE_IN_FRAMEWORK_HEADER = YES;
				CLANG_WARN_RANGE_LOOP_ANALYSIS = YES;
				CLANG_WARN_STRICT_PROTOTYPES = YES;
				CLANG_WARN_SUSPICIOUS_MOVE = YES;
				CLANG_WARN_UNGUARDED_AVAILABILITY = YES_AGGRESSIVE;
				CLANG_WARN_UNREACHABLE_CODE = YES;
				CLANG_WARN__DUPLICATE_METHOD_MATCH = YES;
				COPY_PHASE_STRIP = NO;
				DEBUG_INFORMATION_FORMAT = dwarf;
				ENABLE_STRICT_OBJC_MSGSEND = YES;
				ENABLE_TESTABILITY = YES;
				GCC_C_LANGUAGE_STANDARD = gnu11;
				GCC_DYNAMIC_NO_PIC = NO;
				GCC_NO_COMMON_BLOCKS = YES;
				GCC_OPTIMIZATION_LEVEL = 0;
				GCC_PREPROCESSOR_DEFINITIONS = (
					"DEBUG=1",
					"$(inherited)",
				);
				GCC_WARN_64_TO_32_BIT_CONVERSION = YES;
				GCC_WARN_ABOUT_RETURN_TYPE = YES_ERROR;
				GCC_WARN_UNDECLARED_SELECTOR = YES;
				GCC_WARN_UNINITIALIZED_AUTOS = YES_AGGRESSIVE;
				GCC_WARN_UNUSED_FUNCTION = YES;
				GCC_WARN_UNUSED_VARIABLE = YES;
				IPHONEOS_DEPLOYMENT_TARGET = 14.5;
				MTL_ENABLE_DEBUG_INFO = INCLUDE_SOURCE;
				MTL_FAST_MATH = YES;
				ONLY_ACTIVE_ARCH = YES;
				SDKROOT = iphoneos;
				SWIFT_ACTIVE_COMPILATION_CONDITIONS = DEBUG;
				SWIFT_OPTIMIZATION_LEVEL = "-Onone";
			};
			name = Debug;
		};
		216D2A60263CA78E007FBB1D /* Release */ = {
			isa = XCBuildConfiguration;
			buildSettings = {
				ALWAYS_SEARCH_USER_PATHS = NO;
				CLANG_ANALYZER_NONNULL = YES;
				CLANG_ANALYZER_NUMBER_OBJECT_CONVERSION = YES_AGGRESSIVE;
				CLANG_CXX_LANGUAGE_STANDARD = "gnu++14";
				CLANG_CXX_LIBRARY = "libc++";
				CLANG_ENABLE_MODULES = YES;
				CLANG_ENABLE_OBJC_ARC = YES;
				CLANG_ENABLE_OBJC_WEAK = YES;
				CLANG_WARN_BLOCK_CAPTURE_AUTORELEASING = YES;
				CLANG_WARN_BOOL_CONVERSION = YES;
				CLANG_WARN_COMMA = YES;
				CLANG_WARN_CONSTANT_CONVERSION = YES;
				CLANG_WARN_DEPRECATED_OBJC_IMPLEMENTATIONS = YES;
				CLANG_WARN_DIRECT_OBJC_ISA_USAGE = YES_ERROR;
				CLANG_WARN_DOCUMENTATION_COMMENTS = YES;
				CLANG_WARN_EMPTY_BODY = YES;
				CLANG_WARN_ENUM_CONVERSION = YES;
				CLANG_WARN_INFINITE_RECURSION = YES;
				CLANG_WARN_INT_CONVERSION = YES;
				CLANG_WARN_NON_LITERAL_NULL_CONVERSION = YES;
				CLANG_WARN_OBJC_IMPLICIT_RETAIN_SELF = YES;
				CLANG_WARN_OBJC_LITERAL_CONVERSION = YES;
				CLANG_WARN_OBJC_ROOT_CLASS = YES_ERROR;
				CLANG_WARN_QUOTED_INCLUDE_IN_FRAMEWORK_HEADER = YES;
				CLANG_WARN_RANGE_LOOP_ANALYSIS = YES;
				CLANG_WARN_STRICT_PROTOTYPES = YES;
				CLANG_WARN_SUSPICIOUS_MOVE = YES;
				CLANG_WARN_UNGUARDED_AVAILABILITY = YES_AGGRESSIVE;
				CLANG_WARN_UNREACHABLE_CODE = YES;
				CLANG_WARN__DUPLICATE_METHOD_MATCH = YES;
				COPY_PHASE_STRIP = NO;
				DEBUG_INFORMATION_FORMAT = "dwarf-with-dsym";
				ENABLE_NS_ASSERTIONS = NO;
				ENABLE_STRICT_OBJC_MSGSEND = YES;
				GCC_C_LANGUAGE_STANDARD = gnu11;
				GCC_NO_COMMON_BLOCKS = YES;
				GCC_WARN_64_TO_32_BIT_CONVERSION = YES;
				GCC_WARN_ABOUT_RETURN_TYPE = YES_ERROR;
				GCC_WARN_UNDECLARED_SELECTOR = YES;
				GCC_WARN_UNINITIALIZED_AUTOS = YES_AGGRESSIVE;
				GCC_WARN_UNUSED_FUNCTION = YES;
				GCC_WARN_UNUSED_VARIABLE = YES;
				IPHONEOS_DEPLOYMENT_TARGET = 14.5;
				MTL_ENABLE_DEBUG_INFO = NO;
				MTL_FAST_MATH = YES;
				SDKROOT = iphoneos;
				SWIFT_COMPILATION_MODE = wholemodule;
				SWIFT_OPTIMIZATION_LEVEL = "-O";
				VALIDATE_PRODUCT = YES;
			};
			name = Release;
		};
		216D2A62263CA78E007FBB1D /* Debug */ = {
			isa = XCBuildConfiguration;
			buildSettings = {
				ASSETCATALOG_COMPILER_APPICON_NAME = AppIcon;
				ASSETCATALOG_COMPILER_GLOBAL_ACCENT_COLOR_NAME = AccentColor;
				CODE_SIGN_STYLE = Automatic;
				DEVELOPMENT_TEAM = QLJ84Q3ZSY;
				INFOPLIST_FILE = MultiTargetApp/Info.plist;
				LD_RUNPATH_SEARCH_PATHS = (
					"$(inherited)",
					"@executable_path/Frameworks",
				);
				PRODUCT_BUNDLE_IDENTIFIER = com.aveldanov.MultiTargetApp;
				PRODUCT_NAME = "$(TARGET_NAME)";
				SWIFT_VERSION = 5.0;
				TARGETED_DEVICE_FAMILY = "1,2";
			};
			name = Debug;
		};
		216D2A63263CA78E007FBB1D /* Release */ = {
			isa = XCBuildConfiguration;
			buildSettings = {
				ASSETCATALOG_COMPILER_APPICON_NAME = AppIcon;
				ASSETCATALOG_COMPILER_GLOBAL_ACCENT_COLOR_NAME = AccentColor;
				CODE_SIGN_STYLE = Automatic;
				DEVELOPMENT_TEAM = QLJ84Q3ZSY;
				INFOPLIST_FILE = MultiTargetApp/Info.plist;
				LD_RUNPATH_SEARCH_PATHS = (
					"$(inherited)",
					"@executable_path/Frameworks",
				);
				PRODUCT_BUNDLE_IDENTIFIER = com.aveldanov.MultiTargetApp;
				PRODUCT_NAME = "$(TARGET_NAME)";
				SWIFT_VERSION = 5.0;
				TARGETED_DEVICE_FAMILY = "1,2";
			};
			name = Release;
		};
		216D2A6F263CA794007FBB1D /* Debug */ = {
			isa = XCBuildConfiguration;
			buildSettings = {
				ASSETCATALOG_COMPILER_APPICON_NAME = AppIcon;
				ASSETCATALOG_COMPILER_GLOBAL_ACCENT_COLOR_NAME = AccentColor;
				CODE_SIGN_STYLE = Automatic;
				DEVELOPMENT_TEAM = QLJ84Q3ZSY;
				INFOPLIST_FILE = "MultiTargetApp copy-Info.plist";
				LD_RUNPATH_SEARCH_PATHS = (
					"$(inherited)",
					"@executable_path/Frameworks",
				);
				PRODUCT_BUNDLE_IDENTIFIER = com.aveldanov.MultiTargetApp;
				PRODUCT_NAME = "$(TARGET_NAME)";
				SWIFT_VERSION = 5.0;
				TARGETED_DEVICE_FAMILY = "1,2";
			};
			name = Debug;
		};
		216D2A70263CA794007FBB1D /* Release */ = {
			isa = XCBuildConfiguration;
			buildSettings = {
				ASSETCATALOG_COMPILER_APPICON_NAME = AppIcon;
				ASSETCATALOG_COMPILER_GLOBAL_ACCENT_COLOR_NAME = AccentColor;
				CODE_SIGN_STYLE = Automatic;
				DEVELOPMENT_TEAM = QLJ84Q3ZSY;
				INFOPLIST_FILE = "MultiTargetApp copy-Info.plist";
				LD_RUNPATH_SEARCH_PATHS = (
					"$(inherited)",
					"@executable_path/Frameworks",
				);
				PRODUCT_BUNDLE_IDENTIFIER = com.aveldanov.MultiTargetApp;
				PRODUCT_NAME = "$(TARGET_NAME)";
				SWIFT_VERSION = 5.0;
				TARGETED_DEVICE_FAMILY = "1,2";
			};
			name = Release;
		};
/* End XCBuildConfiguration section */

/* Begin XCConfigurationList section */
		216D2A48263CA78D007FBB1D /* Build configuration list for PBXProject "MultiTargetApp" */ = {
			isa = XCConfigurationList;
			buildConfigurations = (
				216D2A5F263CA78E007FBB1D /* Debug */,
				216D2A60263CA78E007FBB1D /* Release */,
			);
			defaultConfigurationIsVisible = 0;
			defaultConfigurationName = Release;
		};
		216D2A61263CA78E007FBB1D /* Build configuration list for PBXNativeTarget "MultiTargetApp" */ = {
			isa = XCConfigurationList;
			buildConfigurations = (
				216D2A62263CA78E007FBB1D /* Debug */,
				216D2A63263CA78E007FBB1D /* Release */,
			);
			defaultConfigurationIsVisible = 0;
			defaultConfigurationName = Release;
		};
		216D2A6E263CA794007FBB1D /* Build configuration list for PBXNativeTarget "MultiTargetApp-free" */ = {
			isa = XCConfigurationList;
			buildConfigurations = (
				216D2A6F263CA794007FBB1D /* Debug */,
				216D2A70263CA794007FBB1D /* Release */,
			);
			defaultConfigurationIsVisible = 0;
			defaultConfigurationName = Release;
		};
/* End XCConfigurationList section */
	};
	rootObject = 216D2A45263CA78D007FBB1D /* Project object */;
}
