// !$*UTF8*$!
{
	archiveVersion = 1;
	classes = {
	};
	objectVersion = 50;
	objects = {

/* Begin PBXBuildFile section */
		21C136E42655975E00134920 /* FeatureFramework.framework in Frameworks */ = {isa = PBXBuildFile; fileRef = 21CE3D1B26559313005C6965 /* FeatureFramework.framework */; };
		21C136E52655975E00134920 /* FeatureFramework.framework in Embed Frameworks */ = {isa = PBXBuildFile; fileRef = 21CE3D1B26559313005C6965 /* FeatureFramework.framework */; settings = {ATTRIBUTES = (RemoveHeadersOnCopy, ); }; };
		21CE3D07265592F2005C6965 /* AppDelegate.swift in Sources */ = {isa = PBXBuildFile; fileRef = 21CE3D06265592F2005C6965 /* AppDelegate.swift */; };
		21CE3D09265592F2005C6965 /* SceneDelegate.swift in Sources */ = {isa = PBXBuildFile; fileRef = 21CE3D08265592F2005C6965 /* SceneDelegate.swift */; };
		21CE3D0B265592F2005C6965 /* ViewController.swift in Sources */ = {isa = PBXBuildFile; fileRef = 21CE3D0A265592F2005C6965 /* ViewController.swift */; };
		21CE3D0E265592F2005C6965 /* Main.storyboard in Resources */ = {isa = PBXBuildFile; fileRef = 21CE3D0C265592F2005C6965 /* Main.storyboard */; };
		21CE3D10265592F5005C6965 /* Assets.xcassets in Resources */ = {isa = PBXBuildFile; fileRef = 21CE3D0F265592F5005C6965 /* Assets.xcassets */; };
		21CE3D13265592F5005C6965 /* LaunchScreen.storyboard in Resources */ = {isa = PBXBuildFile; fileRef = 21CE3D11265592F5005C6965 /* LaunchScreen.storyboard */; };
/* End PBXBuildFile section */

/* Begin PBXCopyFilesBuildPhase section */
		21C136E62655975E00134920 /* Embed Frameworks */ = {
			isa = PBXCopyFilesBuildPhase;
			buildActionMask = 2147483647;
			dstPath = "";
			dstSubfolderSpec = 10;
			files = (
				21C136E52655975E00134920 /* FeatureFramework.framework in Embed Frameworks */,
			);
			name = "Embed Frameworks";
			runOnlyForDeploymentPostprocessing = 0;
		};
/* End PBXCopyFilesBuildPhase section */

/* Begin PBXFileReference section */
		21CE3D03265592F2005C6965 /* UseFramework.app */ = {isa = PBXFileReference; explicitFileType = wrapper.application; includeInIndex = 0; path = UseFramework.app; sourceTree = BUILT_PRODUCTS_DIR; };
		21CE3D06265592F2005C6965 /* AppDelegate.swift */ = {isa = PBXFileReference; lastKnownFileType = sourcecode.swift; path = AppDelegate.swift; sourceTree = "<group>"; };
		21CE3D08265592F2005C6965 /* SceneDelegate.swift */ = {isa = PBXFileReference; lastKnownFileType = sourcecode.swift; path = SceneDelegate.swift; sourceTree = "<group>"; };
		21CE3D0A265592F2005C6965 /* ViewController.swift */ = {isa = PBXFileReference; lastKnownFileType = sourcecode.swift; path = ViewController.swift; sourceTree = "<group>"; };
		21CE3D0D265592F2005C6965 /* Base */ = {isa = PBXFileReference; lastKnownFileType = file.storyboard; name = Base; path = Base.lproj/Main.storyboard; sourceTree = "<group>"; };
		21CE3D0F265592F5005C6965 /* Assets.xcassets */ = {isa = PBXFileReference; lastKnownFileType = folder.assetcatalog; path = Assets.xcassets; sourceTree = "<group>"; };
		21CE3D12265592F5005C6965 /* Base */ = {isa = PBXFileReference; lastKnownFileType = file.storyboard; name = Base; path = Base.lproj/LaunchScreen.storyboard; sourceTree = "<group>"; };
		21CE3D14265592F5005C6965 /* Info.plist */ = {isa = PBXFileReference; lastKnownFileType = text.plist.xml; path = Info.plist; sourceTree = "<group>"; };
		21CE3D1B26559313005C6965 /* FeatureFramework.framework */ = {isa = PBXFileReference; lastKnownFileType = wrapper.framework; path = FeatureFramework.framework; sourceTree = "<group>"; };
/* End PBXFileReference section */

/* Begin PBXFrameworksBuildPhase section */
		21CE3D00265592F2005C6965 /* Frameworks */ = {
			isa = PBXFrameworksBuildPhase;
			buildActionMask = 2147483647;
			files = (
				21C136E42655975E00134920 /* FeatureFramework.framework in Frameworks */,
			);
			runOnlyForDeploymentPostprocessing = 0;
		};
/* End PBXFrameworksBuildPhase section */

/* Begin PBXGroup section */
		21CE3CFA265592F2005C6965 = {
			isa = PBXGroup;
			children = (
				21CE3D05265592F2005C6965 /* UseFramework */,
				21CE3D04265592F2005C6965 /* Products */,
			);
			sourceTree = "<group>";
		};
		21CE3D04265592F2005C6965 /* Products */ = {
			isa = PBXGroup;
			children = (
				21CE3D03265592F2005C6965 /* UseFramework.app */,
			);
			name = Products;
			sourceTree = "<group>";
		};
		21CE3D05265592F2005C6965 /* UseFramework */ = {
			isa = PBXGroup;
			children = (
				21CE3D06265592F2005C6965 /* AppDelegate.swift */,
				21CE3D08265592F2005C6965 /* SceneDelegate.swift */,
				21CE3D0A265592F2005C6965 /* ViewController.swift */,
				21CE3D1B26559313005C6965 /* FeatureFramework.framework */,
				21CE3D0C265592F2005C6965 /* Main.storyboard */,
				21CE3D0F265592F5005C6965 /* Assets.xcassets */,
				21CE3D11265592F5005C6965 /* LaunchScreen.storyboard */,
				21CE3D14265592F5005C6965 /* Info.plist */,
			);
			path = UseFramework;
			sourceTree = "<group>";
		};
/* End PBXGroup section */

/* Begin PBXNativeTarget section */
		21CE3D02265592F2005C6965 /* UseFramework */ = {
			isa = PBXNativeTarget;
			buildConfigurationList = 21CE3D17265592F5005C6965 /* Build configuration list for PBXNativeTarget "UseFramework" */;
			buildPhases = (
				21CE3CFF265592F2005C6965 /* Sources */,
				21CE3D00265592F2005C6965 /* Frameworks */,
				21CE3D01265592F2005C6965 /* Resources */,
				21C136E62655975E00134920 /* Embed Frameworks */,
			);
			buildRules = (
			);
			dependencies = (
			);
			name = UseFramework;
			productName = UseFramework;
			productReference = 21CE3D03265592F2005C6965 /* UseFramework.app */;
			productType = "com.apple.product-type.application";
		};
/* End PBXNativeTarget section */

/* Begin PBXProject section */
		21CE3CFB265592F2005C6965 /* Project object */ = {
			isa = PBXProject;
			attributes = {
				LastSwiftUpdateCheck = 1240;
				LastUpgradeCheck = 1240;
				TargetAttributes = {
					21CE3D02265592F2005C6965 = {
						CreatedOnToolsVersion = 12.4;
					};
				};
			};
			buildConfigurationList = 21CE3CFE265592F2005C6965 /* Build configuration list for PBXProject "UseFramework" */;
			compatibilityVersion = "Xcode 9.3";
			developmentRegion = en;
			hasScannedForEncodings = 0;
			knownRegions = (
				en,
				Base,
			);
			mainGroup = 21CE3CFA265592F2005C6965;
			productRefGroup = 21CE3D04265592F2005C6965 /* Products */;
			projectDirPath = "";
			projectRoot = "";
			targets = (
				21CE3D02265592F2005C6965 /* UseFramework */,
			);
		};
/* End PBXProject section */

/* Begin PBXResourcesBuildPhase section */
		21CE3D01265592F2005C6965 /* Resources */ = {
			isa = PBXResourcesBuildPhase;
			buildActionMask = 2147483647;
			files = (
				21CE3D13265592F5005C6965 /* LaunchScreen.storyboard in Resources */,
				21CE3D10265592F5005C6965 /* Assets.xcassets in Resources */,
				21CE3D0E265592F2005C6965 /* Main.storyboard in Resources */,
			);
			runOnlyForDeploymentPostprocessing = 0;
		};
/* End PBXResourcesBuildPhase section */

/* Begin PBXSourcesBuildPhase section */
		21CE3CFF265592F2005C6965 /* Sources */ = {
			isa = PBXSourcesBuildPhase;
			buildActionMask = 2147483647;
			files = (
				21CE3D0B265592F2005C6965 /* ViewController.swift in Sources */,
				21CE3D07265592F2005C6965 /* AppDelegate.swift in Sources */,
				21CE3D09265592F2005C6965 /* SceneDelegate.swift in Sources */,
			);
			runOnlyForDeploymentPostprocessing = 0;
		};
/* End PBXSourcesBuildPhase section */

/* Begin PBXVariantGroup section */
		21CE3D0C265592F2005C6965 /* Main.storyboard */ = {
			isa = PBXVariantGroup;
			children = (
				21CE3D0D265592F2005C6965 /* Base */,
			);
			name = Main.storyboard;
			sourceTree = "<group>";
		};
		21CE3D11265592F5005C6965 /* LaunchScreen.storyboard */ = {
			isa = PBXVariantGroup;
			children = (
				21CE3D12265592F5005C6965 /* Base */,
			);
			name = LaunchScreen.storyboard;
			sourceTree = "<group>";
		};
/* End PBXVariantGroup section */

/* Begin XCBuildConfiguration section */
		21CE3D15265592F5005C6965 /* Debug */ = {
			isa = XCBuildConfiguration;
			buildSettings = {
				ALWAYS_SEARCH_USER_PATHS = NO;
				CLANG_ANALYZER_NONNULL = YES;
				CLANG_ANALYZER_NUMBER_OBJECT_CONVERSION = YES_AGGRESSIVE;
				CLANG_CXX_LANGUAGE_STANDARD = "gnu++14";
				CLANG_CXX_LIBRARY = "libc++";
				CLANG_ENABLE_MODULES = YES;
				CLANG_ENABLE_OBJC_ARC = YES;
				CLANG_ENABLE_OBJC_WEAK = YES;
				CLANG_WARN_BLOCK_CAPTURE_AUTORELEASING = YES;
				CLANG_WARN_BOOL_CONVERSION = YES;
				CLANG_WARN_COMMA = YES;
				CLANG_WARN_CONSTANT_CONVERSION = YES;
				CLANG_WARN_DEPRECATED_OBJC_IMPLEMENTATIONS = YES;
				CLANG_WARN_DIRECT_OBJC_ISA_USAGE = YES_ERROR;
				CLANG_WARN_DOCUMENTATION_COMMENTS = YES;
				CLANG_WARN_EMPTY_BODY = YES;
				CLANG_WARN_ENUM_CONVERSION = YES;
				CLANG_WARN_INFINITE_RECURSION = YES;
				CLANG_WARN_INT_CONVERSION = YES;
				CLANG_WARN_NON_LITERAL_NULL_CONVERSION = YES;
				CLANG_WARN_OBJC_IMPLICIT_RETAIN_SELF = YES;
				CLANG_WARN_OBJC_LITERAL_CONVERSION = YES;
				CLANG_WARN_OBJC_ROOT_CLASS = YES_ERROR;
				CLANG_WARN_QUOTED_INCLUDE_IN_FRAMEWORK_HEADER = YES;
				CLANG_WARN_RANGE_LOOP_ANALYSIS = YES;
				CLANG_WARN_STRICT_PROTOTYPES = YES;
				CLANG_WARN_SUSPICIOUS_MOVE = YES;
				CLANG_WARN_UNGUARDED_AVAILABILITY = YES_AGGRESSIVE;
				CLANG_WARN_UNREACHABLE_CODE = YES;
				CLANG_WARN__DUPLICATE_METHOD_MATCH = YES;
				COPY_PHASE_STRIP = NO;
				DEBUG_INFORMATION_FORMAT = dwarf;
				ENABLE_STRICT_OBJC_MSGSEND = YES;
				ENABLE_TESTABILITY = YES;
				GCC_C_LANGUAGE_STANDARD = gnu11;
				GCC_DYNAMIC_NO_PIC = NO;
				GCC_NO_COMMON_BLOCKS = YES;
				GCC_OPTIMIZATION_LEVEL = 0;
				GCC_PREPROCESSOR_DEFINITIONS = (
					"DEBUG=1",
					"$(inherited)",
				);
				GCC_WARN_64_TO_32_BIT_CONVERSION = YES;
				GCC_WARN_ABOUT_RETURN_TYPE = YES_ERROR;
				GCC_WARN_UNDECLARED_SELECTOR = YES;
				GCC_WARN_UNINITIALIZED_AUTOS = YES_AGGRESSIVE;
				GCC_WARN_UNUSED_FUNCTION = YES;
				GCC_WARN_UNUSED_VARIABLE = YES;
				IPHONEOS_DEPLOYMENT_TARGET = 14.4;
				MTL_ENABLE_DEBUG_INFO = INCLUDE_SOURCE;
				MTL_FAST_MATH = YES;
				ONLY_ACTIVE_ARCH = YES;
				SDKROOT = iphoneos;
				SWIFT_ACTIVE_COMPILATION_CONDITIONS = DEBUG;
				SWIFT_OPTIMIZATION_LEVEL = "-Onone";
			};
			name = Debug;
		};
		21CE3D16265592F5005C6965 /* Release */ = {
			isa = XCBuildConfiguration;
			buildSettings = {
				ALWAYS_SEARCH_USER_PATHS = NO;
				CLANG_ANALYZER_NONNULL = YES;
				CLANG_ANALYZER_NUMBER_OBJECT_CONVERSION = YES_AGGRESSIVE;
				CLANG_CXX_LANGUAGE_STANDARD = "gnu++14";
				CLANG_CXX_LIBRARY = "libc++";
				CLANG_ENABLE_MODULES = YES;
				CLANG_ENABLE_OBJC_ARC = YES;
				CLANG_ENABLE_OBJC_WEAK = YES;
				CLANG_WARN_BLOCK_CAPTURE_AUTORELEASING = YES;
				CLANG_WARN_BOOL_CONVERSION = YES;
				CLANG_WARN_COMMA = YES;
				CLANG_WARN_CONSTANT_CONVERSION = YES;
				CLANG_WARN_DEPRECATED_OBJC_IMPLEMENTATIONS = YES;
				CLANG_WARN_DIRECT_OBJC_ISA_USAGE = YES_ERROR;
				CLANG_WARN_DOCUMENTATION_COMMENTS = YES;
				CLANG_WARN_EMPTY_BODY = YES;
				CLANG_WARN_ENUM_CONVERSION = YES;
				CLANG_WARN_INFINITE_RECURSION = YES;
				CLANG_WARN_INT_CONVERSION = YES;
				CLANG_WARN_NON_LITERAL_NULL_CONVERSION = YES;
				CLANG_WARN_OBJC_IMPLICIT_RETAIN_SELF = YES;
				CLANG_WARN_OBJC_LITERAL_CONVERSION = YES;
				CLANG_WARN_OBJC_ROOT_CLASS = YES_ERROR;
				CLANG_WARN_QUOTED_INCLUDE_IN_FRAMEWORK_HEADER = YES;
				CLANG_WARN_RANGE_LOOP_ANALYSIS = YES;
				CLANG_WARN_STRICT_PROTOTYPES = YES;
				CLANG_WARN_SUSPICIOUS_MOVE = YES;
				CLANG_WARN_UNGUARDED_AVAILABILITY = YES_AGGRESSIVE;
				CLANG_WARN_UNREACHABLE_CODE = YES;
				CLANG_WARN__DUPLICATE_METHOD_MATCH = YES;
				COPY_PHASE_STRIP = NO;
				DEBUG_INFORMATION_FORMAT = "dwarf-with-dsym";
				ENABLE_NS_ASSERTIONS = NO;
				ENABLE_STRICT_OBJC_MSGSEND = YES;
				GCC_C_LANGUAGE_STANDARD = gnu11;
				GCC_NO_COMMON_BLOCKS = YES;
				GCC_WARN_64_TO_32_BIT_CONVERSION = YES;
				GCC_WARN_ABOUT_RETURN_TYPE = YES_ERROR;
				GCC_WARN_UNDECLARED_SELECTOR = YES;
				GCC_WARN_UNINITIALIZED_AUTOS = YES_AGGRESSIVE;
				GCC_WARN_UNUSED_FUNCTION = YES;
				GCC_WARN_UNUSED_VARIABLE = YES;
				IPHONEOS_DEPLOYMENT_TARGET = 14.4;
				MTL_ENABLE_DEBUG_INFO = NO;
				MTL_FAST_MATH = YES;
				SDKROOT = iphoneos;
				SWIFT_COMPILATION_MODE = wholemodule;
				SWIFT_OPTIMIZATION_LEVEL = "-O";
				VALIDATE_PRODUCT = YES;
			};
			name = Release;
		};
		21CE3D18265592F5005C6965 /* Debug */ = {
			isa = XCBuildConfiguration;
			buildSettings = {
				ASSETCATALOG_COMPILER_APPICON_NAME = AppIcon;
				ASSETCATALOG_COMPILER_GLOBAL_ACCENT_COLOR_NAME = AccentColor;
				CODE_SIGN_STYLE = Automatic;
				DEVELOPMENT_TEAM = QLJ84Q3ZSY;
				FRAMEWORK_SEARCH_PATHS = (
					"$(inherited)",
					"$(PROJECT_DIR)/UseFramework",
				);
				INFOPLIST_FILE = UseFramework/Info.plist;
				LD_RUNPATH_SEARCH_PATHS = (
					"$(inherited)",
					"@executable_path/Frameworks",
				);
				PRODUCT_BUNDLE_IDENTIFIER = com.aveldanov.UseFramework;
				PRODUCT_NAME = "$(TARGET_NAME)";
				SWIFT_VERSION = 5.0;
				TARGETED_DEVICE_FAMILY = "1,2";
			};
			name = Debug;
		};
		21CE3D19265592F5005C6965 /* Release */ = {
			isa = XCBuildConfiguration;
			buildSettings = {
				ASSETCATALOG_COMPILER_APPICON_NAME = AppIcon;
				ASSETCATALOG_COMPILER_GLOBAL_ACCENT_COLOR_NAME = AccentColor;
				CODE_SIGN_STYLE = Automatic;
				DEVELOPMENT_TEAM = QLJ84Q3ZSY;
				FRAMEWORK_SEARCH_PATHS = (
					"$(inherited)",
					"$(PROJECT_DIR)/UseFramework",
				);
				INFOPLIST_FILE = UseFramework/Info.plist;
				LD_RUNPATH_SEARCH_PATHS = (
					"$(inherited)",
					"@executable_path/Frameworks",
				);
				PRODUCT_BUNDLE_IDENTIFIER = com.aveldanov.UseFramework;
				PRODUCT_NAME = "$(TARGET_NAME)";
				SWIFT_VERSION = 5.0;
				TARGETED_DEVICE_FAMILY = "1,2";
			};
			name = Release;
		};
/* End XCBuildConfiguration section */

/* Begin XCConfigurationList section */
		21CE3CFE265592F2005C6965 /* Build configuration list for PBXProject "UseFramework" */ = {
			isa = XCConfigurationList;
			buildConfigurations = (
				21CE3D15265592F5005C6965 /* Debug */,
				21CE3D16265592F5005C6965 /* Release */,
			);
			defaultConfigurationIsVisible = 0;
			defaultConfigurationName = Release;
		};
		21CE3D17265592F5005C6965 /* Build configuration list for PBXNativeTarget "UseFramework" */ = {
			isa = XCConfigurationList;
			buildConfigurations = (
				21CE3D18265592F5005C6965 /* Debug */,
				21CE3D19265592F5005C6965 /* Release */,
			);
			defaultConfigurationIsVisible = 0;
			defaultConfigurationName = Release;
		};
/* End XCConfigurationList section */
	};
	rootObject = 21CE3CFB265592F2005C6965 /* Project object */;
}
