// !$*UTF8*$!
{
	archiveVersion = 1;
	classes = {
	};
	objectVersion = 50;
	objects = {

/* Begin PBXBuildFile section */
		211CEFA0262CD55300F6B9FC /* AppDelegate.swift in Sources */ = {isa = PBXBuildFile; fileRef = 211CEF9F262CD55300F6B9FC /* AppDelegate.swift */; };
		211CEFA2262CD55300F6B9FC /* SceneDelegate.swift in Sources */ = {isa = PBXBuildFile; fileRef = 211CEFA1262CD55300F6B9FC /* SceneDelegate.swift */; };
		211CEFA7262CD55300F6B9FC /* Main.storyboard in Resources */ = {isa = PBXBuildFile; fileRef = 211CEFA5262CD55300F6B9FC /* Main.storyboard */; };
		211CEFA9262CD55800F6B9FC /* Assets.xcassets in Resources */ = {isa = PBXBuildFile; fileRef = 211CEFA8262CD55800F6B9FC /* Assets.xcassets */; };
		211CEFAC262CD55800F6B9FC /* LaunchScreen.storyboard in Resources */ = {isa = PBXBuildFile; fileRef = 211CEFAA262CD55800F6B9FC /* LaunchScreen.storyboard */; };
		211CEFB9262CD66D00F6B9FC /* ItemsTableViewController.swift in Sources */ = {isa = PBXBuildFile; fileRef = 211CEFB8262CD66D00F6B9FC /* ItemsTableViewController.swift */; };
		211CEFBE262CD69B00F6B9FC /* ItemTableViewCell.swift in Sources */ = {isa = PBXBuildFile; fileRef = 211CEFBD262CD69B00F6B9FC /* ItemTableViewCell.swift */; };
		211CEFC3262CD6B200F6B9FC /* Item.swift in Sources */ = {isa = PBXBuildFile; fileRef = 211CEFC2262CD6B200F6B9FC /* Item.swift */; };
		211CEFC6262CD73D00F6B9FC /* WebService.swift in Sources */ = {isa = PBXBuildFile; fileRef = 211CEFC5262CD73D00F6B9FC /* WebService.swift */; };
		211CEFCA262CDEF300F6B9FC /* DetailedViewController.swift in Sources */ = {isa = PBXBuildFile; fileRef = 211CEFC9262CDEF300F6B9FC /* DetailedViewController.swift */; };
		211CEFD3262CE67000F6B9FC /* IntTurboAppUITests.swift in Sources */ = {isa = PBXBuildFile; fileRef = 211CEFD2262CE67000F6B9FC /* IntTurboAppUITests.swift */; };
		211CF02B262D3AFC00F6B9FC /* ItemsCache.swift in Sources */ = {isa = PBXBuildFile; fileRef = 211CF02A262D3AFC00F6B9FC /* ItemsCache.swift */; };
/* End PBXBuildFile section */

/* Begin PBXContainerItemProxy section */
		211CEFD5262CE67000F6B9FC /* PBXContainerItemProxy */ = {
			isa = PBXContainerItemProxy;
			containerPortal = 211CEF94262CD55300F6B9FC /* Project object */;
			proxyType = 1;
			remoteGlobalIDString = 211CEF9B262CD55300F6B9FC;
			remoteInfo = IntTurboApp;
		};
/* End PBXContainerItemProxy section */

/* Begin PBXFileReference section */
		211CEF9C262CD55300F6B9FC /* IntTurboApp.app */ = {isa = PBXFileReference; explicitFileType = wrapper.application; includeInIndex = 0; path = IntTurboApp.app; sourceTree = BUILT_PRODUCTS_DIR; };
		211CEF9F262CD55300F6B9FC /* AppDelegate.swift */ = {isa = PBXFileReference; lastKnownFileType = sourcecode.swift; path = AppDelegate.swift; sourceTree = "<group>"; };
		211CEFA1262CD55300F6B9FC /* SceneDelegate.swift */ = {isa = PBXFileReference; lastKnownFileType = sourcecode.swift; path = SceneDelegate.swift; sourceTree = "<group>"; };
		211CEFA6262CD55300F6B9FC /* Base */ = {isa = PBXFileReference; lastKnownFileType = file.storyboard; name = Base; path = Base.lproj/Main.storyboard; sourceTree = "<group>"; };
		211CEFA8262CD55800F6B9FC /* Assets.xcassets */ = {isa = PBXFileReference; lastKnownFileType = folder.assetcatalog; path = Assets.xcassets; sourceTree = "<group>"; };
		211CEFAB262CD55800F6B9FC /* Base */ = {isa = PBXFileReference; lastKnownFileType = file.storyboard; name = Base; path = Base.lproj/LaunchScreen.storyboard; sourceTree = "<group>"; };
		211CEFAD262CD55800F6B9FC /* Info.plist */ = {isa = PBXFileReference; lastKnownFileType = text.plist.xml; path = Info.plist; sourceTree = "<group>"; };
		211CEFB8262CD66D00F6B9FC /* ItemsTableViewController.swift */ = {isa = PBXFileReference; lastKnownFileType = sourcecode.swift; path = ItemsTableViewController.swift; sourceTree = "<group>"; };
		211CEFBD262CD69B00F6B9FC /* ItemTableViewCell.swift */ = {isa = PBXFileReference; lastKnownFileType = sourcecode.swift; path = ItemTableViewCell.swift; sourceTree = "<group>"; };
		211CEFC2262CD6B200F6B9FC /* Item.swift */ = {isa = PBXFileReference; lastKnownFileType = sourcecode.swift; path = Item.swift; sourceTree = "<group>"; };
		211CEFC5262CD73D00F6B9FC /* WebService.swift */ = {isa = PBXFileReference; lastKnownFileType = sourcecode.swift; path = WebService.swift; sourceTree = "<group>"; };
		211CEFC9262CDEF300F6B9FC /* DetailedViewController.swift */ = {isa = PBXFileReference; lastKnownFileType = sourcecode.swift; path = DetailedViewController.swift; sourceTree = "<group>"; };
		211CEFD0262CE67000F6B9FC /* IntTurboAppUITests.xctest */ = {isa = PBXFileReference; explicitFileType = wrapper.cfbundle; includeInIndex = 0; path = IntTurboAppUITests.xctest; sourceTree = BUILT_PRODUCTS_DIR; };
		211CEFD2262CE67000F6B9FC /* IntTurboAppUITests.swift */ = {isa = PBXFileReference; lastKnownFileType = sourcecode.swift; path = IntTurboAppUITests.swift; sourceTree = "<group>"; };
		211CEFD4262CE67000F6B9FC /* Info.plist */ = {isa = PBXFileReference; lastKnownFileType = text.plist.xml; path = Info.plist; sourceTree = "<group>"; };
		211CF02A262D3AFC00F6B9FC /* ItemsCache.swift */ = {isa = PBXFileReference; lastKnownFileType = sourcecode.swift; path = ItemsCache.swift; sourceTree = "<group>"; };
/* End PBXFileReference section */

/* Begin PBXFrameworksBuildPhase section */
		211CEF99262CD55300F6B9FC /* Frameworks */ = {
			isa = PBXFrameworksBuildPhase;
			buildActionMask = 2147483647;
			files = (
			);
			runOnlyForDeploymentPostprocessing = 0;
		};
		211CEFCD262CE67000F6B9FC /* Frameworks */ = {
			isa = PBXFrameworksBuildPhase;
			buildActionMask = 2147483647;
			files = (
			);
			runOnlyForDeploymentPostprocessing = 0;
		};
/* End PBXFrameworksBuildPhase section */

/* Begin PBXGroup section */
		211CEF93262CD55300F6B9FC = {
			isa = PBXGroup;
			children = (
				211CEF9E262CD55300F6B9FC /* IntTurboApp */,
				211CEFD1262CE67000F6B9FC /* IntTurboAppUITests */,
				211CEF9D262CD55300F6B9FC /* Products */,
			);
			sourceTree = "<group>";
		};
		211CEF9D262CD55300F6B9FC /* Products */ = {
			isa = PBXGroup;
			children = (
				211CEF9C262CD55300F6B9FC /* IntTurboApp.app */,
				211CEFD0262CE67000F6B9FC /* IntTurboAppUITests.xctest */,
			);
			name = Products;
			sourceTree = "<group>";
		};
		211CEF9E262CD55300F6B9FC /* IntTurboApp */ = {
			isa = PBXGroup;
			children = (
				211CEFBB262CD67500F6B9FC /* Services */,
				211CEFB6262CD64A00F6B9FC /* Controllers */,
				211CEFB5262CD64500F6B9FC /* Views */,
				211CEFB4262CD63B00F6B9FC /* Models */,
				211CEF9F262CD55300F6B9FC /* AppDelegate.swift */,
				211CEFA1262CD55300F6B9FC /* SceneDelegate.swift */,
				211CEFA8262CD55800F6B9FC /* Assets.xcassets */,
				211CEFAA262CD55800F6B9FC /* LaunchScreen.storyboard */,
				211CEFAD262CD55800F6B9FC /* Info.plist */,
			);
			path = IntTurboApp;
			sourceTree = "<group>";
		};
		211CEFB4262CD63B00F6B9FC /* Models */ = {
			isa = PBXGroup;
			children = (
				211CEFC2262CD6B200F6B9FC /* Item.swift */,
			);
			path = Models;
			sourceTree = "<group>";
		};
		211CEFB5262CD64500F6B9FC /* Views */ = {
			isa = PBXGroup;
			children = (
				211CEFA5262CD55300F6B9FC /* Main.storyboard */,
			);
			path = Views;
			sourceTree = "<group>";
		};
		211CEFB6262CD64A00F6B9FC /* Controllers */ = {
			isa = PBXGroup;
			children = (
				211CEFB8262CD66D00F6B9FC /* ItemsTableViewController.swift */,
				211CEFBD262CD69B00F6B9FC /* ItemTableViewCell.swift */,
				211CEFC9262CDEF300F6B9FC /* DetailedViewController.swift */,
			);
			path = Controllers;
			sourceTree = "<group>";
		};
		211CEFBB262CD67500F6B9FC /* Services */ = {
			isa = PBXGroup;
			children = (
				211CEFC5262CD73D00F6B9FC /* WebService.swift */,
				211CF02A262D3AFC00F6B9FC /* ItemsCache.swift */,
			);
			path = Services;
			sourceTree = "<group>";
		};
		211CEFD1262CE67000F6B9FC /* IntTurboAppUITests */ = {
			isa = PBXGroup;
			children = (
				211CEFD2262CE67000F6B9FC /* IntTurboAppUITests.swift */,
				211CEFD4262CE67000F6B9FC /* Info.plist */,
			);
			path = IntTurboAppUITests;
			sourceTree = "<group>";
		};
/* End PBXGroup section */

/* Begin PBXNativeTarget section */
		211CEF9B262CD55300F6B9FC /* IntTurboApp */ = {
			isa = PBXNativeTarget;
			buildConfigurationList = 211CEFB0262CD55800F6B9FC /* Build configuration list for PBXNativeTarget "IntTurboApp" */;
			buildPhases = (
				211CEF98262CD55300F6B9FC /* Sources */,
				211CEF99262CD55300F6B9FC /* Frameworks */,
				211CEF9A262CD55300F6B9FC /* Resources */,
			);
			buildRules = (
			);
			dependencies = (
			);
			name = IntTurboApp;
			productName = IntTurboApp;
			productReference = 211CEF9C262CD55300F6B9FC /* IntTurboApp.app */;
			productType = "com.apple.product-type.application";
		};
		211CEFCF262CE67000F6B9FC /* IntTurboAppUITests */ = {
			isa = PBXNativeTarget;
			buildConfigurationList = 211CEFD7262CE67000F6B9FC /* Build configuration list for PBXNativeTarget "IntTurboAppUITests" */;
			buildPhases = (
				211CEFCC262CE67000F6B9FC /* Sources */,
				211CEFCD262CE67000F6B9FC /* Frameworks */,
				211CEFCE262CE67000F6B9FC /* Resources */,
			);
			buildRules = (
			);
			dependencies = (
				211CEFD6262CE67000F6B9FC /* PBXTargetDependency */,
			);
			name = IntTurboAppUITests;
			productName = IntTurboAppUITests;
			productReference = 211CEFD0262CE67000F6B9FC /* IntTurboAppUITests.xctest */;
			productType = "com.apple.product-type.bundle.ui-testing";
		};
/* End PBXNativeTarget section */

/* Begin PBXProject section */
		211CEF94262CD55300F6B9FC /* Project object */ = {
			isa = PBXProject;
			attributes = {
				LastSwiftUpdateCheck = 1240;
				LastUpgradeCheck = 1240;
				TargetAttributes = {
					211CEF9B262CD55300F6B9FC = {
						CreatedOnToolsVersion = 12.4;
					};
					211CEFCF262CE67000F6B9FC = {
						CreatedOnToolsVersion = 12.4;
						TestTargetID = 211CEF9B262CD55300F6B9FC;
					};
				};
			};
			buildConfigurationList = 211CEF97262CD55300F6B9FC /* Build configuration list for PBXProject "IntTurboApp" */;
			compatibilityVersion = "Xcode 9.3";
			developmentRegion = en;
			hasScannedForEncodings = 0;
			knownRegions = (
				en,
				Base,
			);
			mainGroup = 211CEF93262CD55300F6B9FC;
			productRefGroup = 211CEF9D262CD55300F6B9FC /* Products */;
			projectDirPath = "";
			projectRoot = "";
			targets = (
				211CEF9B262CD55300F6B9FC /* IntTurboApp */,
				211CEFCF262CE67000F6B9FC /* IntTurboAppUITests */,
			);
		};
/* End PBXProject section */

/* Begin PBXResourcesBuildPhase section */
		211CEF9A262CD55300F6B9FC /* Resources */ = {
			isa = PBXResourcesBuildPhase;
			buildActionMask = 2147483647;
			files = (
				211CEFAC262CD55800F6B9FC /* LaunchScreen.storyboard in Resources */,
				211CEFA9262CD55800F6B9FC /* Assets.xcassets in Resources */,
				211CEFA7262CD55300F6B9FC /* Main.storyboard in Resources */,
			);
			runOnlyForDeploymentPostprocessing = 0;
		};
		211CEFCE262CE67000F6B9FC /* Resources */ = {
			isa = PBXResourcesBuildPhase;
			buildActionMask = 2147483647;
			files = (
			);
			runOnlyForDeploymentPostprocessing = 0;
		};
/* End PBXResourcesBuildPhase section */

/* Begin PBXSourcesBuildPhase section */
		211CEF98262CD55300F6B9FC /* Sources */ = {
			isa = PBXSourcesBuildPhase;
			buildActionMask = 2147483647;
			files = (
				211CEFCA262CDEF300F6B9FC /* DetailedViewController.swift in Sources */,
				211CF02B262D3AFC00F6B9FC /* ItemsCache.swift in Sources */,
				211CEFC6262CD73D00F6B9FC /* WebService.swift in Sources */,
				211CEFC3262CD6B200F6B9FC /* Item.swift in Sources */,
				211CEFBE262CD69B00F6B9FC /* ItemTableViewCell.swift in Sources */,
				211CEFA0262CD55300F6B9FC /* AppDelegate.swift in Sources */,
				211CEFB9262CD66D00F6B9FC /* ItemsTableViewController.swift in Sources */,
				211CEFA2262CD55300F6B9FC /* SceneDelegate.swift in Sources */,
			);
			runOnlyForDeploymentPostprocessing = 0;
		};
		211CEFCC262CE67000F6B9FC /* Sources */ = {
			isa = PBXSourcesBuildPhase;
			buildActionMask = 2147483647;
			files = (
				211CEFD3262CE67000F6B9FC /* IntTurboAppUITests.swift in Sources */,
			);
			runOnlyForDeploymentPostprocessing = 0;
		};
/* End PBXSourcesBuildPhase section */

/* Begin PBXTargetDependency section */
		211CEFD6262CE67000F6B9FC /* PBXTargetDependency */ = {
			isa = PBXTargetDependency;
			target = 211CEF9B262CD55300F6B9FC /* IntTurboApp */;
			targetProxy = 211CEFD5262CE67000F6B9FC /* PBXContainerItemProxy */;
		};
/* End PBXTargetDependency section */

/* Begin PBXVariantGroup section */
		211CEFA5262CD55300F6B9FC /* Main.storyboard */ = {
			isa = PBXVariantGroup;
			children = (
				211CEFA6262CD55300F6B9FC /* Base */,
			);
			name = Main.storyboard;
			sourceTree = "<group>";
		};
		211CEFAA262CD55800F6B9FC /* LaunchScreen.storyboard */ = {
			isa = PBXVariantGroup;
			children = (
				211CEFAB262CD55800F6B9FC /* Base */,
			);
			name = LaunchScreen.storyboard;
			sourceTree = "<group>";
		};
/* End PBXVariantGroup section */

/* Begin XCBuildConfiguration section */
		211CEFAE262CD55800F6B9FC /* Debug */ = {
			isa = XCBuildConfiguration;
			buildSettings = {
				ALWAYS_SEARCH_USER_PATHS = NO;
				CLANG_ANALYZER_NONNULL = YES;
				CLANG_ANALYZER_NUMBER_OBJECT_CONVERSION = YES_AGGRESSIVE;
				CLANG_CXX_LANGUAGE_STANDARD = "gnu++14";
				CLANG_CXX_LIBRARY = "libc++";
				CLANG_ENABLE_MODULES = YES;
				CLANG_ENABLE_OBJC_ARC = YES;
				CLANG_ENABLE_OBJC_WEAK = YES;
				CLANG_WARN_BLOCK_CAPTURE_AUTORELEASING = YES;
				CLANG_WARN_BOOL_CONVERSION = YES;
				CLANG_WARN_COMMA = YES;
				CLANG_WARN_CONSTANT_CONVERSION = YES;
				CLANG_WARN_DEPRECATED_OBJC_IMPLEMENTATIONS = YES;
				CLANG_WARN_DIRECT_OBJC_ISA_USAGE = YES_ERROR;
				CLANG_WARN_DOCUMENTATION_COMMENTS = YES;
				CLANG_WARN_EMPTY_BODY = YES;
				CLANG_WARN_ENUM_CONVERSION = YES;
				CLANG_WARN_INFINITE_RECURSION = YES;
				CLANG_WARN_INT_CONVERSION = YES;
				CLANG_WARN_NON_LITERAL_NULL_CONVERSION = YES;
				CLANG_WARN_OBJC_IMPLICIT_RETAIN_SELF = YES;
				CLANG_WARN_OBJC_LITERAL_CONVERSION = YES;
				CLANG_WARN_OBJC_ROOT_CLASS = YES_ERROR;
				CLANG_WARN_QUOTED_INCLUDE_IN_FRAMEWORK_HEADER = YES;
				CLANG_WARN_RANGE_LOOP_ANALYSIS = YES;
				CLANG_WARN_STRICT_PROTOTYPES = YES;
				CLANG_WARN_SUSPICIOUS_MOVE = YES;
				CLANG_WARN_UNGUARDED_AVAILABILITY = YES_AGGRESSIVE;
				CLANG_WARN_UNREACHABLE_CODE = YES;
				CLANG_WARN__DUPLICATE_METHOD_MATCH = YES;
				COPY_PHASE_STRIP = NO;
				DEBUG_INFORMATION_FORMAT = dwarf;
				ENABLE_STRICT_OBJC_MSGSEND = YES;
				ENABLE_TESTABILITY = YES;
				GCC_C_LANGUAGE_STANDARD = gnu11;
				GCC_DYNAMIC_NO_PIC = NO;
				GCC_NO_COMMON_BLOCKS = YES;
				GCC_OPTIMIZATION_LEVEL = 0;
				GCC_PREPROCESSOR_DEFINITIONS = (
					"DEBUG=1",
					"$(inherited)",
				);
				GCC_WARN_64_TO_32_BIT_CONVERSION = YES;
				GCC_WARN_ABOUT_RETURN_TYPE = YES_ERROR;
				GCC_WARN_UNDECLARED_SELECTOR = YES;
				GCC_WARN_UNINITIALIZED_AUTOS = YES_AGGRESSIVE;
				GCC_WARN_UNUSED_FUNCTION = YES;
				GCC_WARN_UNUSED_VARIABLE = YES;
				IPHONEOS_DEPLOYMENT_TARGET = 14.4;
				MTL_ENABLE_DEBUG_INFO = INCLUDE_SOURCE;
				MTL_FAST_MATH = YES;
				ONLY_ACTIVE_ARCH = YES;
				SDKROOT = iphoneos;
				SWIFT_ACTIVE_COMPILATION_CONDITIONS = DEBUG;
				SWIFT_OPTIMIZATION_LEVEL = "-Onone";
			};
			name = Debug;
		};
		211CEFAF262CD55800F6B9FC /* Release */ = {
			isa = XCBuildConfiguration;
			buildSettings = {
				ALWAYS_SEARCH_USER_PATHS = NO;
				CLANG_ANALYZER_NONNULL = YES;
				CLANG_ANALYZER_NUMBER_OBJECT_CONVERSION = YES_AGGRESSIVE;
				CLANG_CXX_LANGUAGE_STANDARD = "gnu++14";
				CLANG_CXX_LIBRARY = "libc++";
				CLANG_ENABLE_MODULES = YES;
				CLANG_ENABLE_OBJC_ARC = YES;
				CLANG_ENABLE_OBJC_WEAK = YES;
				CLANG_WARN_BLOCK_CAPTURE_AUTORELEASING = YES;
				CLANG_WARN_BOOL_CONVERSION = YES;
				CLANG_WARN_COMMA = YES;
				CLANG_WARN_CONSTANT_CONVERSION = YES;
				CLANG_WARN_DEPRECATED_OBJC_IMPLEMENTATIONS = YES;
				CLANG_WARN_DIRECT_OBJC_ISA_USAGE = YES_ERROR;
				CLANG_WARN_DOCUMENTATION_COMMENTS = YES;
				CLANG_WARN_EMPTY_BODY = YES;
				CLANG_WARN_ENUM_CONVERSION = YES;
				CLANG_WARN_INFINITE_RECURSION = YES;
				CLANG_WARN_INT_CONVERSION = YES;
				CLANG_WARN_NON_LITERAL_NULL_CONVERSION = YES;
				CLANG_WARN_OBJC_IMPLICIT_RETAIN_SELF = YES;
				CLANG_WARN_OBJC_LITERAL_CONVERSION = YES;
				CLANG_WARN_OBJC_ROOT_CLASS = YES_ERROR;
				CLANG_WARN_QUOTED_INCLUDE_IN_FRAMEWORK_HEADER = YES;
				CLANG_WARN_RANGE_LOOP_ANALYSIS = YES;
				CLANG_WARN_STRICT_PROTOTYPES = YES;
				CLANG_WARN_SUSPICIOUS_MOVE = YES;
				CLANG_WARN_UNGUARDED_AVAILABILITY = YES_AGGRESSIVE;
				CLANG_WARN_UNREACHABLE_CODE = YES;
				CLANG_WARN__DUPLICATE_METHOD_MATCH = YES;
				COPY_PHASE_STRIP = NO;
				DEBUG_INFORMATION_FORMAT = "dwarf-with-dsym";
				ENABLE_NS_ASSERTIONS = NO;
				ENABLE_STRICT_OBJC_MSGSEND = YES;
				GCC_C_LANGUAGE_STANDARD = gnu11;
				GCC_NO_COMMON_BLOCKS = YES;
				GCC_WARN_64_TO_32_BIT_CONVERSION = YES;
				GCC_WARN_ABOUT_RETURN_TYPE = YES_ERROR;
				GCC_WARN_UNDECLARED_SELECTOR = YES;
				GCC_WARN_UNINITIALIZED_AUTOS = YES_AGGRESSIVE;
				GCC_WARN_UNUSED_FUNCTION = YES;
				GCC_WARN_UNUSED_VARIABLE = YES;
				IPHONEOS_DEPLOYMENT_TARGET = 14.4;
				MTL_ENABLE_DEBUG_INFO = NO;
				MTL_FAST_MATH = YES;
				SDKROOT = iphoneos;
				SWIFT_COMPILATION_MODE = wholemodule;
				SWIFT_OPTIMIZATION_LEVEL = "-O";
				VALIDATE_PRODUCT = YES;
			};
			name = Release;
		};
		211CEFB1262CD55800F6B9FC /* Debug */ = {
			isa = XCBuildConfiguration;
			buildSettings = {
				ASSETCATALOG_COMPILER_APPICON_NAME = AppIcon;
				ASSETCATALOG_COMPILER_GLOBAL_ACCENT_COLOR_NAME = AccentColor;
				CODE_SIGN_STYLE = Automatic;
				DEVELOPMENT_TEAM = QLJ84Q3ZSY;
				INFOPLIST_FILE = IntTurboApp/Info.plist;
				LD_RUNPATH_SEARCH_PATHS = (
					"$(inherited)",
					"@executable_path/Frameworks",
				);
				PRODUCT_BUNDLE_IDENTIFIER = com.aveldanov.IntTurboApp;
				PRODUCT_NAME = "$(TARGET_NAME)";
				SWIFT_VERSION = 5.0;
				TARGETED_DEVICE_FAMILY = "1,2";
			};
			name = Debug;
		};
		211CEFB2262CD55800F6B9FC /* Release */ = {
			isa = XCBuildConfiguration;
			buildSettings = {
				ASSETCATALOG_COMPILER_APPICON_NAME = AppIcon;
				ASSETCATALOG_COMPILER_GLOBAL_ACCENT_COLOR_NAME = AccentColor;
				CODE_SIGN_STYLE = Automatic;
				DEVELOPMENT_TEAM = QLJ84Q3ZSY;
				INFOPLIST_FILE = IntTurboApp/Info.plist;
				LD_RUNPATH_SEARCH_PATHS = (
					"$(inherited)",
					"@executable_path/Frameworks",
				);
				PRODUCT_BUNDLE_IDENTIFIER = com.aveldanov.IntTurboApp;
				PRODUCT_NAME = "$(TARGET_NAME)";
				SWIFT_VERSION = 5.0;
				TARGETED_DEVICE_FAMILY = "1,2";
			};
			name = Release;
		};
		211CEFD8262CE67000F6B9FC /* Debug */ = {
			isa = XCBuildConfiguration;
			buildSettings = {
				CODE_SIGN_STYLE = Automatic;
				DEVELOPMENT_TEAM = QLJ84Q3ZSY;
				INFOPLIST_FILE = IntTurboAppUITests/Info.plist;
				LD_RUNPATH_SEARCH_PATHS = (
					"$(inherited)",
					"@executable_path/Frameworks",
					"@loader_path/Frameworks",
				);
				PRODUCT_BUNDLE_IDENTIFIER = com.aveldanov.IntTurboAppUITests;
				PRODUCT_NAME = "$(TARGET_NAME)";
				SWIFT_VERSION = 5.0;
				TARGETED_DEVICE_FAMILY = "1,2";
				TEST_TARGET_NAME = IntTurboApp;
			};
			name = Debug;
		};
		211CEFD9262CE67000F6B9FC /* Release */ = {
			isa = XCBuildConfiguration;
			buildSettings = {
				CODE_SIGN_STYLE = Automatic;
				DEVELOPMENT_TEAM = QLJ84Q3ZSY;
				INFOPLIST_FILE = IntTurboAppUITests/Info.plist;
				LD_RUNPATH_SEARCH_PATHS = (
					"$(inherited)",
					"@executable_path/Frameworks",
					"@loader_path/Frameworks",
				);
				PRODUCT_BUNDLE_IDENTIFIER = com.aveldanov.IntTurboAppUITests;
				PRODUCT_NAME = "$(TARGET_NAME)";
				SWIFT_VERSION = 5.0;
				TARGETED_DEVICE_FAMILY = "1,2";
				TEST_TARGET_NAME = IntTurboApp;
			};
			name = Release;
		};
/* End XCBuildConfiguration section */

/* Begin XCConfigurationList section */
		211CEF97262CD55300F6B9FC /* Build configuration list for PBXProject "IntTurboApp" */ = {
			isa = XCConfigurationList;
			buildConfigurations = (
				211CEFAE262CD55800F6B9FC /* Debug */,
				211CEFAF262CD55800F6B9FC /* Release */,
			);
			defaultConfigurationIsVisible = 0;
			defaultConfigurationName = Release;
		};
		211CEFB0262CD55800F6B9FC /* Build configuration list for PBXNativeTarget "IntTurboApp" */ = {
			isa = XCConfigurationList;
			buildConfigurations = (
				211CEFB1262CD55800F6B9FC /* Debug */,
				211CEFB2262CD55800F6B9FC /* Release */,
			);
			defaultConfigurationIsVisible = 0;
			defaultConfigurationName = Release;
		};
		211CEFD7262CE67000F6B9FC /* Build configuration list for PBXNativeTarget "IntTurboAppUITests" */ = {
			isa = XCConfigurationList;
			buildConfigurations = (
				211CEFD8262CE67000F6B9FC /* Debug */,
				211CEFD9262CE67000F6B9FC /* Release */,
			);
			defaultConfigurationIsVisible = 0;
			defaultConfigurationName = Release;
		};
/* End XCConfigurationList section */
	};
	rootObject = 211CEF94262CD55300F6B9FC /* Project object */;
}
