// !$*UTF8*$!
{
	archiveVersion = 1;
	classes = {
	};
	objectVersion = 50;
	objects = {

/* Begin PBXBuildFile section */
		21CA95F4263A62960082F465 /* AppDelegate.swift in Sources */ = {isa = PBXBuildFile; fileRef = 21CA95F3263A62960082F465 /* AppDelegate.swift */; };
		21CA95F6263A62960082F465 /* SceneDelegate.swift in Sources */ = {isa = PBXBuildFile; fileRef = 21CA95F5263A62960082F465 /* SceneDelegate.swift */; };
		21CA95FB263A62960082F465 /* Main.storyboard in Resources */ = {isa = PBXBuildFile; fileRef = 21CA95F9263A62960082F465 /* Main.storyboard */; };
		21CA95FD263A629A0082F465 /* Assets.xcassets in Resources */ = {isa = PBXBuildFile; fileRef = 21CA95FC263A629A0082F465 /* Assets.xcassets */; };
		21CA9600263A629A0082F465 /* LaunchScreen.storyboard in Resources */ = {isa = PBXBuildFile; fileRef = 21CA95FE263A629A0082F465 /* LaunchScreen.storyboard */; };
		21CA9608263A62BB0082F465 /* ItemTableViewController.swift in Sources */ = {isa = PBXBuildFile; fileRef = 21CA9607263A62BB0082F465 /* ItemTableViewController.swift */; };
		21CA960B263A62F00082F465 /* WebService.swift in Sources */ = {isa = PBXBuildFile; fileRef = 21CA960A263A62F00082F465 /* WebService.swift */; };
		21CA960E263A63390082F465 /* item.swift in Sources */ = {isa = PBXBuildFile; fileRef = 21CA960D263A63390082F465 /* item.swift */; };
		21CA9612263A64310082F465 /* ItemViewModel.swift in Sources */ = {isa = PBXBuildFile; fileRef = 21CA9611263A64310082F465 /* ItemViewModel.swift */; };
		21CA9614263A6A050082F465 /* ItemTableViewCell.swift in Sources */ = {isa = PBXBuildFile; fileRef = 21CA9613263A6A050082F465 /* ItemTableViewCell.swift */; };
/* End PBXBuildFile section */

/* Begin PBXFileReference section */
		21CA95F0263A62960082F465 /* ItemMVVMApp2.app */ = {isa = PBXFileReference; explicitFileType = wrapper.application; includeInIndex = 0; path = ItemMVVMApp2.app; sourceTree = BUILT_PRODUCTS_DIR; };
		21CA95F3263A62960082F465 /* AppDelegate.swift */ = {isa = PBXFileReference; lastKnownFileType = sourcecode.swift; path = AppDelegate.swift; sourceTree = "<group>"; };
		21CA95F5263A62960082F465 /* SceneDelegate.swift */ = {isa = PBXFileReference; lastKnownFileType = sourcecode.swift; path = SceneDelegate.swift; sourceTree = "<group>"; };
		21CA95FA263A62960082F465 /* Base */ = {isa = PBXFileReference; lastKnownFileType = file.storyboard; name = Base; path = Base.lproj/Main.storyboard; sourceTree = "<group>"; };
		21CA95FC263A629A0082F465 /* Assets.xcassets */ = {isa = PBXFileReference; lastKnownFileType = folder.assetcatalog; path = Assets.xcassets; sourceTree = "<group>"; };
		21CA95FF263A629A0082F465 /* Base */ = {isa = PBXFileReference; lastKnownFileType = file.storyboard; name = Base; path = Base.lproj/LaunchScreen.storyboard; sourceTree = "<group>"; };
		21CA9601263A629A0082F465 /* Info.plist */ = {isa = PBXFileReference; lastKnownFileType = text.plist.xml; path = Info.plist; sourceTree = "<group>"; };
		21CA9607263A62BB0082F465 /* ItemTableViewController.swift */ = {isa = PBXFileReference; lastKnownFileType = sourcecode.swift; path = ItemTableViewController.swift; sourceTree = "<group>"; };
		21CA960A263A62F00082F465 /* WebService.swift */ = {isa = PBXFileReference; lastKnownFileType = sourcecode.swift; path = WebService.swift; sourceTree = "<group>"; };
		21CA960D263A63390082F465 /* item.swift */ = {isa = PBXFileReference; lastKnownFileType = sourcecode.swift; path = item.swift; sourceTree = "<group>"; };
		21CA9611263A64310082F465 /* ItemViewModel.swift */ = {isa = PBXFileReference; lastKnownFileType = sourcecode.swift; path = ItemViewModel.swift; sourceTree = "<group>"; };
		21CA9613263A6A050082F465 /* ItemTableViewCell.swift */ = {isa = PBXFileReference; lastKnownFileType = sourcecode.swift; path = ItemTableViewCell.swift; sourceTree = "<group>"; };
/* End PBXFileReference section */

/* Begin PBXFrameworksBuildPhase section */
		21CA95ED263A62960082F465 /* Frameworks */ = {
			isa = PBXFrameworksBuildPhase;
			buildActionMask = 2147483647;
			files = (
			);
			runOnlyForDeploymentPostprocessing = 0;
		};
/* End PBXFrameworksBuildPhase section */

/* Begin PBXGroup section */
		21CA95E7263A62960082F465 = {
			isa = PBXGroup;
			children = (
				21CA95F2263A62960082F465 /* ItemMVVMApp2 */,
				21CA95F1263A62960082F465 /* Products */,
			);
			sourceTree = "<group>";
		};
		21CA95F1263A62960082F465 /* Products */ = {
			isa = PBXGroup;
			children = (
				21CA95F0263A62960082F465 /* ItemMVVMApp2.app */,
			);
			name = Products;
			sourceTree = "<group>";
		};
		21CA95F2263A62960082F465 /* ItemMVVMApp2 */ = {
			isa = PBXGroup;
			children = (
				21CA9610263A641F0082F465 /* ViewModel */,
				21CA960F263A63850082F465 /* Controllers */,
				21CA960C263A632E0082F465 /* Model */,
				21CA9609263A62E20082F465 /* Services */,
				21CA95F3263A62960082F465 /* AppDelegate.swift */,
				21CA95F5263A62960082F465 /* SceneDelegate.swift */,
				21CA95F9263A62960082F465 /* Main.storyboard */,
				21CA95FC263A629A0082F465 /* Assets.xcassets */,
				21CA95FE263A629A0082F465 /* LaunchScreen.storyboard */,
				21CA9601263A629A0082F465 /* Info.plist */,
			);
			path = ItemMVVMApp2;
			sourceTree = "<group>";
		};
		21CA9609263A62E20082F465 /* Services */ = {
			isa = PBXGroup;
			children = (
				21CA960A263A62F00082F465 /* WebService.swift */,
			);
			path = Services;
			sourceTree = "<group>";
		};
		21CA960C263A632E0082F465 /* Model */ = {
			isa = PBXGroup;
			children = (
				21CA960D263A63390082F465 /* item.swift */,
			);
			path = Model;
			sourceTree = "<group>";
		};
		21CA960F263A63850082F465 /* Controllers */ = {
			isa = PBXGroup;
			children = (
				21CA9607263A62BB0082F465 /* ItemTableViewController.swift */,
				21CA9613263A6A050082F465 /* ItemTableViewCell.swift */,
			);
			path = Controllers;
			sourceTree = "<group>";
		};
		21CA9610263A641F0082F465 /* ViewModel */ = {
			isa = PBXGroup;
			children = (
				21CA9611263A64310082F465 /* ItemViewModel.swift */,
			);
			path = ViewModel;
			sourceTree = "<group>";
		};
/* End PBXGroup section */

/* Begin PBXNativeTarget section */
		21CA95EF263A62960082F465 /* ItemMVVMApp2 */ = {
			isa = PBXNativeTarget;
			buildConfigurationList = 21CA9604263A629A0082F465 /* Build configuration list for PBXNativeTarget "ItemMVVMApp2" */;
			buildPhases = (
				21CA95EC263A62960082F465 /* Sources */,
				21CA95ED263A62960082F465 /* Frameworks */,
				21CA95EE263A62960082F465 /* Resources */,
			);
			buildRules = (
			);
			dependencies = (
			);
			name = ItemMVVMApp2;
			productName = ItemMVVMApp2;
			productReference = 21CA95F0263A62960082F465 /* ItemMVVMApp2.app */;
			productType = "com.apple.product-type.application";
		};
/* End PBXNativeTarget section */

/* Begin PBXProject section */
		21CA95E8263A62960082F465 /* Project object */ = {
			isa = PBXProject;
			attributes = {
				LastSwiftUpdateCheck = 1250;
				LastUpgradeCheck = 1250;
				TargetAttributes = {
					21CA95EF263A62960082F465 = {
						CreatedOnToolsVersion = 12.5;
					};
				};
			};
			buildConfigurationList = 21CA95EB263A62960082F465 /* Build configuration list for PBXProject "ItemMVVMApp2" */;
			compatibilityVersion = "Xcode 9.3";
			developmentRegion = en;
			hasScannedForEncodings = 0;
			knownRegions = (
				en,
				Base,
			);
			mainGroup = 21CA95E7263A62960082F465;
			productRefGroup = 21CA95F1263A62960082F465 /* Products */;
			projectDirPath = "";
			projectRoot = "";
			targets = (
				21CA95EF263A62960082F465 /* ItemMVVMApp2 */,
			);
		};
/* End PBXProject section */

/* Begin PBXResourcesBuildPhase section */
		21CA95EE263A62960082F465 /* Resources */ = {
			isa = PBXResourcesBuildPhase;
			buildActionMask = 2147483647;
			files = (
				21CA9600263A629A0082F465 /* LaunchScreen.storyboard in Resources */,
				21CA95FD263A629A0082F465 /* Assets.xcassets in Resources */,
				21CA95FB263A62960082F465 /* Main.storyboard in Resources */,
			);
			runOnlyForDeploymentPostprocessing = 0;
		};
/* End PBXResourcesBuildPhase section */

/* Begin PBXSourcesBuildPhase section */
		21CA95EC263A62960082F465 /* Sources */ = {
			isa = PBXSourcesBuildPhase;
			buildActionMask = 2147483647;
			files = (
				21CA95F4263A62960082F465 /* AppDelegate.swift in Sources */,
				21CA9608263A62BB0082F465 /* ItemTableViewController.swift in Sources */,
				21CA960E263A63390082F465 /* item.swift in Sources */,
				21CA960B263A62F00082F465 /* WebService.swift in Sources */,
				21CA95F6263A62960082F465 /* SceneDelegate.swift in Sources */,
				21CA9614263A6A050082F465 /* ItemTableViewCell.swift in Sources */,
				21CA9612263A64310082F465 /* ItemViewModel.swift in Sources */,
			);
			runOnlyForDeploymentPostprocessing = 0;
		};
/* End PBXSourcesBuildPhase section */

/* Begin PBXVariantGroup section */
		21CA95F9263A62960082F465 /* Main.storyboard */ = {
			isa = PBXVariantGroup;
			children = (
				21CA95FA263A62960082F465 /* Base */,
			);
			name = Main.storyboard;
			sourceTree = "<group>";
		};
		21CA95FE263A629A0082F465 /* LaunchScreen.storyboard */ = {
			isa = PBXVariantGroup;
			children = (
				21CA95FF263A629A0082F465 /* Base */,
			);
			name = LaunchScreen.storyboard;
			sourceTree = "<group>";
		};
/* End PBXVariantGroup section */

/* Begin XCBuildConfiguration section */
		21CA9602263A629A0082F465 /* Debug */ = {
			isa = XCBuildConfiguration;
			buildSettings = {
				ALWAYS_SEARCH_USER_PATHS = NO;
				CLANG_ANALYZER_NONNULL = YES;
				CLANG_ANALYZER_NUMBER_OBJECT_CONVERSION = YES_AGGRESSIVE;
				CLANG_CXX_LANGUAGE_STANDARD = "gnu++14";
				CLANG_CXX_LIBRARY = "libc++";
				CLANG_ENABLE_MODULES = YES;
				CLANG_ENABLE_OBJC_ARC = YES;
				CLANG_ENABLE_OBJC_WEAK = YES;
				CLANG_WARN_BLOCK_CAPTURE_AUTORELEASING = YES;
				CLANG_WARN_BOOL_CONVERSION = YES;
				CLANG_WARN_COMMA = YES;
				CLANG_WARN_CONSTANT_CONVERSION = YES;
				CLANG_WARN_DEPRECATED_OBJC_IMPLEMENTATIONS = YES;
				CLANG_WARN_DIRECT_OBJC_ISA_USAGE = YES_ERROR;
				CLANG_WARN_DOCUMENTATION_COMMENTS = YES;
				CLANG_WARN_EMPTY_BODY = YES;
				CLANG_WARN_ENUM_CONVERSION = YES;
				CLANG_WARN_INFINITE_RECURSION = YES;
				CLANG_WARN_INT_CONVERSION = YES;
				CLANG_WARN_NON_LITERAL_NULL_CONVERSION = YES;
				CLANG_WARN_OBJC_IMPLICIT_RETAIN_SELF = YES;
				CLANG_WARN_OBJC_LITERAL_CONVERSION = YES;
				CLANG_WARN_OBJC_ROOT_CLASS = YES_ERROR;
				CLANG_WARN_QUOTED_INCLUDE_IN_FRAMEWORK_HEADER = YES;
				CLANG_WARN_RANGE_LOOP_ANALYSIS = YES;
				CLANG_WARN_STRICT_PROTOTYPES = YES;
				CLANG_WARN_SUSPICIOUS_MOVE = YES;
				CLANG_WARN_UNGUARDED_AVAILABILITY = YES_AGGRESSIVE;
				CLANG_WARN_UNREACHABLE_CODE = YES;
				CLANG_WARN__DUPLICATE_METHOD_MATCH = YES;
				COPY_PHASE_STRIP = NO;
				DEBUG_INFORMATION_FORMAT = dwarf;
				ENABLE_STRICT_OBJC_MSGSEND = YES;
				ENABLE_TESTABILITY = YES;
				GCC_C_LANGUAGE_STANDARD = gnu11;
				GCC_DYNAMIC_NO_PIC = NO;
				GCC_NO_COMMON_BLOCKS = YES;
				GCC_OPTIMIZATION_LEVEL = 0;
				GCC_PREPROCESSOR_DEFINITIONS = (
					"DEBUG=1",
					"$(inherited)",
				);
				GCC_WARN_64_TO_32_BIT_CONVERSION = YES;
				GCC_WARN_ABOUT_RETURN_TYPE = YES_ERROR;
				GCC_WARN_UNDECLARED_SELECTOR = YES;
				GCC_WARN_UNINITIALIZED_AUTOS = YES_AGGRESSIVE;
				GCC_WARN_UNUSED_FUNCTION = YES;
				GCC_WARN_UNUSED_VARIABLE = YES;
				IPHONEOS_DEPLOYMENT_TARGET = 14.5;
				MTL_ENABLE_DEBUG_INFO = INCLUDE_SOURCE;
				MTL_FAST_MATH = YES;
				ONLY_ACTIVE_ARCH = YES;
				SDKROOT = iphoneos;
				SWIFT_ACTIVE_COMPILATION_CONDITIONS = DEBUG;
				SWIFT_OPTIMIZATION_LEVEL = "-Onone";
			};
			name = Debug;
		};
		21CA9603263A629A0082F465 /* Release */ = {
			isa = XCBuildConfiguration;
			buildSettings = {
				ALWAYS_SEARCH_USER_PATHS = NO;
				CLANG_ANALYZER_NONNULL = YES;
				CLANG_ANALYZER_NUMBER_OBJECT_CONVERSION = YES_AGGRESSIVE;
				CLANG_CXX_LANGUAGE_STANDARD = "gnu++14";
				CLANG_CXX_LIBRARY = "libc++";
				CLANG_ENABLE_MODULES = YES;
				CLANG_ENABLE_OBJC_ARC = YES;
				CLANG_ENABLE_OBJC_WEAK = YES;
				CLANG_WARN_BLOCK_CAPTURE_AUTORELEASING = YES;
				CLANG_WARN_BOOL_CONVERSION = YES;
				CLANG_WARN_COMMA = YES;
				CLANG_WARN_CONSTANT_CONVERSION = YES;
				CLANG_WARN_DEPRECATED_OBJC_IMPLEMENTATIONS = YES;
				CLANG_WARN_DIRECT_OBJC_ISA_USAGE = YES_ERROR;
				CLANG_WARN_DOCUMENTATION_COMMENTS = YES;
				CLANG_WARN_EMPTY_BODY = YES;
				CLANG_WARN_ENUM_CONVERSION = YES;
				CLANG_WARN_INFINITE_RECURSION = YES;
				CLANG_WARN_INT_CONVERSION = YES;
				CLANG_WARN_NON_LITERAL_NULL_CONVERSION = YES;
				CLANG_WARN_OBJC_IMPLICIT_RETAIN_SELF = YES;
				CLANG_WARN_OBJC_LITERAL_CONVERSION = YES;
				CLANG_WARN_OBJC_ROOT_CLASS = YES_ERROR;
				CLANG_WARN_QUOTED_INCLUDE_IN_FRAMEWORK_HEADER = YES;
				CLANG_WARN_RANGE_LOOP_ANALYSIS = YES;
				CLANG_WARN_STRICT_PROTOTYPES = YES;
				CLANG_WARN_SUSPICIOUS_MOVE = YES;
				CLANG_WARN_UNGUARDED_AVAILABILITY = YES_AGGRESSIVE;
				CLANG_WARN_UNREACHABLE_CODE = YES;
				CLANG_WARN__DUPLICATE_METHOD_MATCH = YES;
				COPY_PHASE_STRIP = NO;
				DEBUG_INFORMATION_FORMAT = "dwarf-with-dsym";
				ENABLE_NS_ASSERTIONS = NO;
				ENABLE_STRICT_OBJC_MSGSEND = YES;
				GCC_C_LANGUAGE_STANDARD = gnu11;
				GCC_NO_COMMON_BLOCKS = YES;
				GCC_WARN_64_TO_32_BIT_CONVERSION = YES;
				GCC_WARN_ABOUT_RETURN_TYPE = YES_ERROR;
				GCC_WARN_UNDECLARED_SELECTOR = YES;
				GCC_WARN_UNINITIALIZED_AUTOS = YES_AGGRESSIVE;
				GCC_WARN_UNUSED_FUNCTION = YES;
				GCC_WARN_UNUSED_VARIABLE = YES;
				IPHONEOS_DEPLOYMENT_TARGET = 14.5;
				MTL_ENABLE_DEBUG_INFO = NO;
				MTL_FAST_MATH = YES;
				SDKROOT = iphoneos;
				SWIFT_COMPILATION_MODE = wholemodule;
				SWIFT_OPTIMIZATION_LEVEL = "-O";
				VALIDATE_PRODUCT = YES;
			};
			name = Release;
		};
		21CA9605263A629A0082F465 /* Debug */ = {
			isa = XCBuildConfiguration;
			buildSettings = {
				ASSETCATALOG_COMPILER_APPICON_NAME = AppIcon;
				ASSETCATALOG_COMPILER_GLOBAL_ACCENT_COLOR_NAME = AccentColor;
				CODE_SIGN_STYLE = Automatic;
				DEVELOPMENT_TEAM = QLJ84Q3ZSY;
				INFOPLIST_FILE = ItemMVVMApp2/Info.plist;
				LD_RUNPATH_SEARCH_PATHS = (
					"$(inherited)",
					"@executable_path/Frameworks",
				);
				PRODUCT_BUNDLE_IDENTIFIER = com.aveldanov.ItemMVVMApp2;
				PRODUCT_NAME = "$(TARGET_NAME)";
				SWIFT_VERSION = 5.0;
				TARGETED_DEVICE_FAMILY = "1,2";
			};
			name = Debug;
		};
		21CA9606263A629A0082F465 /* Release */ = {
			isa = XCBuildConfiguration;
			buildSettings = {
				ASSETCATALOG_COMPILER_APPICON_NAME = AppIcon;
				ASSETCATALOG_COMPILER_GLOBAL_ACCENT_COLOR_NAME = AccentColor;
				CODE_SIGN_STYLE = Automatic;
				DEVELOPMENT_TEAM = QLJ84Q3ZSY;
				INFOPLIST_FILE = ItemMVVMApp2/Info.plist;
				LD_RUNPATH_SEARCH_PATHS = (
					"$(inherited)",
					"@executable_path/Frameworks",
				);
				PRODUCT_BUNDLE_IDENTIFIER = com.aveldanov.ItemMVVMApp2;
				PRODUCT_NAME = "$(TARGET_NAME)";
				SWIFT_VERSION = 5.0;
				TARGETED_DEVICE_FAMILY = "1,2";
			};
			name = Release;
		};
/* End XCBuildConfiguration section */

/* Begin XCConfigurationList section */
		21CA95EB263A62960082F465 /* Build configuration list for PBXProject "ItemMVVMApp2" */ = {
			isa = XCConfigurationList;
			buildConfigurations = (
				21CA9602263A629A0082F465 /* Debug */,
				21CA9603263A629A0082F465 /* Release */,
			);
			defaultConfigurationIsVisible = 0;
			defaultConfigurationName = Release;
		};
		21CA9604263A629A0082F465 /* Build configuration list for PBXNativeTarget "ItemMVVMApp2" */ = {
			isa = XCConfigurationList;
			buildConfigurations = (
				21CA9605263A629A0082F465 /* Debug */,
				21CA9606263A629A0082F465 /* Release */,
			);
			defaultConfigurationIsVisible = 0;
			defaultConfigurationName = Release;
		};
/* End XCConfigurationList section */
	};
	rootObject = 21CA95E8263A62960082F465 /* Project object */;
}
